
Microsoft Visual Studio Solution File, Format Version 12.00
# Visual Studio 15
VisualStudioVersion = 15.0.27428.2015
MinimumVisualStudioVersion = 10.0.40219.1
Project("{FAE04EC0-301F-11D3-BF4B-00C04F79EFBC}") = "TheTeamTracker.Mobile.Android", "TheTeamTracker.Mobile.Android\TheTeamTracker.Mobile.Android.csproj", "{F0C68ADC-B3B1-4BAE-A057-AA0D162874C5}"
EndProject
Project("{FAE04EC0-301F-11D3-BF4B-00C04F79EFBC}") = "TheTeamTracker.Mobile.iOS", "TheTeamTracker.Mobile.iOS\TheTeamTracker.Mobile.iOS.csproj", "{1827FDA4-48A0-4074-9C14-A37818CB64D8}"
EndProject
Project("{FAE04EC0-301F-11D3-BF4B-00C04F79EFBC}") = "TheTeamTracker.Mobile", "TheTeamTracker.Mobile\TheTeamTracker.Mobile.csproj", "{8FE4CF45-7D2A-4D75-B9FD-DC2A8E8E4400}"
EndProject
Project("{FAE04EC0-301F-11D3-BF4B-00C04F79EFBC}") = "TheTeamTracker.Mobile.DataLayer", "TheTeamTracker.Mobile.DataLayer\TheTeamTracker.Mobile.DataLayer.csproj", "{C2FA2033-14D7-40D6-A6A2-DC410E959F6C}"
EndProject
Global
	GlobalSection(SolutionConfigurationPlatforms) = preSolution
		Ad-Hoc|Any CPU = Ad-Hoc|Any CPU
		Ad-Hoc|iPhone = Ad-Hoc|iPhone
		Ad-Hoc|iPhoneSimulator = Ad-Hoc|iPhoneSimulator
		AppStore|Any CPU = AppStore|Any CPU
		AppStore|iPhone = AppStore|iPhone
		AppStore|iPhoneSimulator = AppStore|iPhoneSimulator
		Debug|Any CPU = Debug|Any CPU
		Debug|iPhone = Debug|iPhone
		Debug|iPhoneSimulator = Debug|iPhoneSimulator
		DebugPROD|Any CPU = DebugPROD|Any CPU
		DebugPROD|iPhone = DebugPROD|iPhone
		DebugPROD|iPhoneSimulator = DebugPROD|iPhoneSimulator
		DebugQA|Any CPU = DebugQA|Any CPU
		DebugQA|iPhone = DebugQA|iPhone
		DebugQA|iPhoneSimulator = DebugQA|iPhoneSimulator
		Release|Any CPU = Release|Any CPU
		Release|iPhone = Release|iPhone
		Release|iPhoneSimulator = Release|iPhoneSimulator
	EndGlobalSection
	GlobalSection(ProjectConfigurationPlatforms) = postSolution
		{F0C68ADC-B3B1-4BAE-A057-AA0D162874C5}.Ad-Hoc|Any CPU.ActiveCfg = Release|Any CPU
		{F0C68ADC-B3B1-4BAE-A057-AA0D162874C5}.Ad-Hoc|Any CPU.Build.0 = Release|Any CPU
		{F0C68ADC-B3B1-4BAE-A057-AA0D162874C5}.Ad-Hoc|Any CPU.Deploy.0 = Release|Any CPU
		{F0C68ADC-B3B1-4BAE-A057-AA0D162874C5}.Ad-Hoc|iPhone.ActiveCfg = Release|Any CPU
		{F0C68ADC-B3B1-4BAE-A057-AA0D162874C5}.Ad-Hoc|iPhone.Build.0 = Release|Any CPU
		{F0C68ADC-B3B1-4BAE-A057-AA0D162874C5}.Ad-Hoc|iPhone.Deploy.0 = Release|Any CPU
		{F0C68ADC-B3B1-4BAE-A057-AA0D162874C5}.Ad-Hoc|iPhoneSimulator.ActiveCfg = Release|Any CPU
		{F0C68ADC-B3B1-4BAE-A057-AA0D162874C5}.Ad-Hoc|iPhoneSimulator.Build.0 = Release|Any CPU
		{F0C68ADC-B3B1-4BAE-A057-AA0D162874C5}.Ad-Hoc|iPhoneSimulator.Deploy.0 = Release|Any CPU
		{F0C68ADC-B3B1-4BAE-A057-AA0D162874C5}.AppStore|Any CPU.ActiveCfg = Release|Any CPU
		{F0C68ADC-B3B1-4BAE-A057-AA0D162874C5}.AppStore|Any CPU.Build.0 = Release|Any CPU
		{F0C68ADC-B3B1-4BAE-A057-AA0D162874C5}.AppStore|Any CPU.Deploy.0 = Release|Any CPU
		{F0C68ADC-B3B1-4BAE-A057-AA0D162874C5}.AppStore|iPhone.ActiveCfg = Release|Any CPU
		{F0C68ADC-B3B1-4BAE-A057-AA0D162874C5}.AppStore|iPhone.Build.0 = Release|Any CPU
		{F0C68ADC-B3B1-4BAE-A057-AA0D162874C5}.AppStore|iPhone.Deploy.0 = Release|Any CPU
		{F0C68ADC-B3B1-4BAE-A057-AA0D162874C5}.AppStore|iPhoneSimulator.ActiveCfg = Release|Any CPU
		{F0C68ADC-B3B1-4BAE-A057-AA0D162874C5}.AppStore|iPhoneSimulator.Build.0 = Release|Any CPU
		{F0C68ADC-B3B1-4BAE-A057-AA0D162874C5}.AppStore|iPhoneSimulator.Deploy.0 = Release|Any CPU
		{F0C68ADC-B3B1-4BAE-A057-AA0D162874C5}.Debug|Any CPU.ActiveCfg = Debug|Any CPU
		{F0C68ADC-B3B1-4BAE-A057-AA0D162874C5}.Debug|Any CPU.Build.0 = Debug|Any CPU
		{F0C68ADC-B3B1-4BAE-A057-AA0D162874C5}.Debug|Any CPU.Deploy.0 = Debug|Any CPU
		{F0C68ADC-B3B1-4BAE-A057-AA0D162874C5}.Debug|iPhone.ActiveCfg = Debug|Any CPU
		{F0C68ADC-B3B1-4BAE-A057-AA0D162874C5}.Debug|iPhone.Build.0 = Debug|Any CPU
		{F0C68ADC-B3B1-4BAE-A057-AA0D162874C5}.Debug|iPhone.Deploy.0 = Debug|Any CPU
		{F0C68ADC-B3B1-4BAE-A057-AA0D162874C5}.Debug|iPhoneSimulator.ActiveCfg = Debug|Any CPU
		{F0C68ADC-B3B1-4BAE-A057-AA0D162874C5}.Debug|iPhoneSimulator.Build.0 = Debug|Any CPU
		{F0C68ADC-B3B1-4BAE-A057-AA0D162874C5}.Debug|iPhoneSimulator.Deploy.0 = Debug|Any CPU
		{F0C68ADC-B3B1-4BAE-A057-AA0D162874C5}.DebugPROD|Any CPU.ActiveCfg = DebugPROD|Any CPU
		{F0C68ADC-B3B1-4BAE-A057-AA0D162874C5}.DebugPROD|Any CPU.Build.0 = DebugPROD|Any CPU
		{F0C68ADC-B3B1-4BAE-A057-AA0D162874C5}.DebugPROD|Any CPU.Deploy.0 = DebugPROD|Any CPU
		{F0C68ADC-B3B1-4BAE-A057-AA0D162874C5}.DebugPROD|iPhone.ActiveCfg = DebugPROD|Any CPU
		{F0C68ADC-B3B1-4BAE-A057-AA0D162874C5}.DebugPROD|iPhone.Build.0 = DebugPROD|Any CPU
		{F0C68ADC-B3B1-4BAE-A057-AA0D162874C5}.DebugPROD|iPhone.Deploy.0 = DebugPROD|Any CPU
		{F0C68ADC-B3B1-4BAE-A057-AA0D162874C5}.DebugPROD|iPhoneSimulator.ActiveCfg = DebugPROD|Any CPU
		{F0C68ADC-B3B1-4BAE-A057-AA0D162874C5}.DebugPROD|iPhoneSimulator.Build.0 = DebugPROD|Any CPU
		{F0C68ADC-B3B1-4BAE-A057-AA0D162874C5}.DebugPROD|iPhoneSimulator.Deploy.0 = DebugPROD|Any CPU
		{F0C68ADC-B3B1-4BAE-A057-AA0D162874C5}.DebugQA|Any CPU.ActiveCfg = DebugQA|Any CPU
		{F0C68ADC-B3B1-4BAE-A057-AA0D162874C5}.DebugQA|Any CPU.Build.0 = DebugQA|Any CPU
		{F0C68ADC-B3B1-4BAE-A057-AA0D162874C5}.DebugQA|Any CPU.Deploy.0 = DebugQA|Any CPU
		{F0C68ADC-B3B1-4BAE-A057-AA0D162874C5}.DebugQA|iPhone.ActiveCfg = DebugQA|Any CPU
		{F0C68ADC-B3B1-4BAE-A057-AA0D162874C5}.DebugQA|iPhone.Build.0 = DebugQA|Any CPU
		{F0C68ADC-B3B1-4BAE-A057-AA0D162874C5}.DebugQA|iPhone.Deploy.0 = DebugQA|Any CPU
		{F0C68ADC-B3B1-4BAE-A057-AA0D162874C5}.DebugQA|iPhoneSimulator.ActiveCfg = DebugQA|Any CPU
		{F0C68ADC-B3B1-4BAE-A057-AA0D162874C5}.DebugQA|iPhoneSimulator.Build.0 = DebugQA|Any CPU
		{F0C68ADC-B3B1-4BAE-A057-AA0D162874C5}.DebugQA|iPhoneSimulator.Deploy.0 = DebugQA|Any CPU
		{F0C68ADC-B3B1-4BAE-A057-AA0D162874C5}.Release|Any CPU.ActiveCfg = Release|Any CPU
		{F0C68ADC-B3B1-4BAE-A057-AA0D162874C5}.Release|Any CPU.Build.0 = Release|Any CPU
		{F0C68ADC-B3B1-4BAE-A057-AA0D162874C5}.Release|Any CPU.Deploy.0 = Release|Any CPU
		{F0C68ADC-B3B1-4BAE-A057-AA0D162874C5}.Release|iPhone.ActiveCfg = Release|Any CPU
		{F0C68ADC-B3B1-4BAE-A057-AA0D162874C5}.Release|iPhone.Build.0 = Release|Any CPU
		{F0C68ADC-B3B1-4BAE-A057-AA0D162874C5}.Release|iPhone.Deploy.0 = Release|Any CPU
		{F0C68ADC-B3B1-4BAE-A057-AA0D162874C5}.Release|iPhoneSimulator.ActiveCfg = Release|Any CPU
		{F0C68ADC-B3B1-4BAE-A057-AA0D162874C5}.Release|iPhoneSimulator.Build.0 = Release|Any CPU
		{F0C68ADC-B3B1-4BAE-A057-AA0D162874C5}.Release|iPhoneSimulator.Deploy.0 = Release|Any CPU
		{1827FDA4-48A0-4074-9C14-A37818CB64D8}.Ad-Hoc|Any CPU.ActiveCfg = Ad-Hoc|iPhone
		{1827FDA4-48A0-4074-9C14-A37818CB64D8}.Ad-Hoc|iPhone.ActiveCfg = Ad-Hoc|iPhone
		{1827FDA4-48A0-4074-9C14-A37818CB64D8}.Ad-Hoc|iPhone.Build.0 = Ad-Hoc|iPhone
		{1827FDA4-48A0-4074-9C14-A37818CB64D8}.Ad-Hoc|iPhoneSimulator.ActiveCfg = Ad-Hoc|iPhoneSimulator
		{1827FDA4-48A0-4074-9C14-A37818CB64D8}.Ad-Hoc|iPhoneSimulator.Build.0 = Ad-Hoc|iPhoneSimulator
		{1827FDA4-48A0-4074-9C14-A37818CB64D8}.AppStore|Any CPU.ActiveCfg = AppStore|iPhone
		{1827FDA4-48A0-4074-9C14-A37818CB64D8}.AppStore|iPhone.ActiveCfg = AppStore|iPhone
		{1827FDA4-48A0-4074-9C14-A37818CB64D8}.AppStore|iPhone.Build.0 = AppStore|iPhone
		{1827FDA4-48A0-4074-9C14-A37818CB64D8}.AppStore|iPhoneSimulator.ActiveCfg = AppStore|iPhoneSimulator
		{1827FDA4-48A0-4074-9C14-A37818CB64D8}.AppStore|iPhoneSimulator.Build.0 = AppStore|iPhoneSimulator
		{1827FDA4-48A0-4074-9C14-A37818CB64D8}.Debug|Any CPU.ActiveCfg = Debug|iPhoneSimulator
		{1827FDA4-48A0-4074-9C14-A37818CB64D8}.Debug|iPhone.ActiveCfg = Debug|iPhone
		{1827FDA4-48A0-4074-9C14-A37818CB64D8}.Debug|iPhone.Build.0 = Debug|iPhone
		{1827FDA4-48A0-4074-9C14-A37818CB64D8}.Debug|iPhoneSimulator.ActiveCfg = Debug|iPhoneSimulator
		{1827FDA4-48A0-4074-9C14-A37818CB64D8}.Debug|iPhoneSimulator.Build.0 = Debug|iPhoneSimulator
		{1827FDA4-48A0-4074-9C14-A37818CB64D8}.DebugPROD|Any CPU.ActiveCfg = DebugPROD|iPhoneSimulator
		{1827FDA4-48A0-4074-9C14-A37818CB64D8}.DebugPROD|iPhone.ActiveCfg = DebugPROD|iPhone
		{1827FDA4-48A0-4074-9C14-A37818CB64D8}.DebugPROD|iPhone.Build.0 = DebugPROD|iPhone
		{1827FDA4-48A0-4074-9C14-A37818CB64D8}.DebugPROD|iPhoneSimulator.ActiveCfg = DebugPROD|iPhoneSimulator
		{1827FDA4-48A0-4074-9C14-A37818CB64D8}.DebugPROD|iPhoneSimulator.Build.0 = DebugPROD|iPhoneSimulator
		{1827FDA4-48A0-4074-9C14-A37818CB64D8}.DebugQA|Any CPU.ActiveCfg = DebugQA|iPhoneSimulator
		{1827FDA4-48A0-4074-9C14-A37818CB64D8}.DebugQA|iPhone.ActiveCfg = DebugQA|iPhone
		{1827FDA4-48A0-4074-9C14-A37818CB64D8}.DebugQA|iPhone.Build.0 = DebugQA|iPhone
		{1827FDA4-48A0-4074-9C14-A37818CB64D8}.DebugQA|iPhoneSimulator.ActiveCfg = DebugQA|iPhoneSimulator
		{1827FDA4-48A0-4074-9C14-A37818CB64D8}.DebugQA|iPhoneSimulator.Build.0 = DebugQA|iPhoneSimulator
		{1827FDA4-48A0-4074-9C14-A37818CB64D8}.Release|Any CPU.ActiveCfg = Release|iPhone
		{1827FDA4-48A0-4074-9C14-A37818CB64D8}.Release|iPhone.ActiveCfg = Release|iPhone
		{1827FDA4-48A0-4074-9C14-A37818CB64D8}.Release|iPhone.Build.0 = Release|iPhone
		{1827FDA4-48A0-4074-9C14-A37818CB64D8}.Release|iPhoneSimulator.ActiveCfg = Release|iPhoneSimulator
		{1827FDA4-48A0-4074-9C14-A37818CB64D8}.Release|iPhoneSimulator.Build.0 = Release|iPhoneSimulator
		{1827FDA4-48A0-4074-9C14-A37818CB64D8}.Debug|Any CPU.Build.0 = Debug|iPhoneSimulator
		{1827FDA4-48A0-4074-9C14-A37818CB64D8}.DebugPROD|Any CPU.Build.0 = DebugPROD|iPhoneSimulator
		{1827FDA4-48A0-4074-9C14-A37818CB64D8}.DebugQA|Any CPU.Build.0 = DebugQA|iPhoneSimulator
		{8FE4CF45-7D2A-4D75-B9FD-DC2A8E8E4400}.Ad-Hoc|Any CPU.ActiveCfg = Debug|Any CPU
		{8FE4CF45-7D2A-4D75-B9FD-DC2A8E8E4400}.Ad-Hoc|Any CPU.Build.0 = Debug|Any CPU
		{8FE4CF45-7D2A-4D75-B9FD-DC2A8E8E4400}.Ad-Hoc|iPhone.ActiveCfg = Debug|Any CPU
		{8FE4CF45-7D2A-4D75-B9FD-DC2A8E8E4400}.Ad-Hoc|iPhone.Build.0 = Debug|Any CPU
		{8FE4CF45-7D2A-4D75-B9FD-DC2A8E8E4400}.Ad-Hoc|iPhoneSimulator.ActiveCfg = Debug|Any CPU
		{8FE4CF45-7D2A-4D75-B9FD-DC2A8E8E4400}.Ad-Hoc|iPhoneSimulator.Build.0 = Debug|Any CPU
		{8FE4CF45-7D2A-4D75-B9FD-DC2A8E8E4400}.AppStore|Any CPU.ActiveCfg = Debug|Any CPU
		{8FE4CF45-7D2A-4D75-B9FD-DC2A8E8E4400}.AppStore|Any CPU.Build.0 = Debug|Any CPU
		{8FE4CF45-7D2A-4D75-B9FD-DC2A8E8E4400}.AppStore|iPhone.ActiveCfg = Debug|Any CPU
		{8FE4CF45-7D2A-4D75-B9FD-DC2A8E8E4400}.AppStore|iPhone.Build.0 = Debug|Any CPU
		{8FE4CF45-7D2A-4D75-B9FD-DC2A8E8E4400}.AppStore|iPhoneSimulator.ActiveCfg = Debug|Any CPU
		{8FE4CF45-7D2A-4D75-B9FD-DC2A8E8E4400}.AppStore|iPhoneSimulator.Build.0 = Debug|Any CPU
		{8FE4CF45-7D2A-4D75-B9FD-DC2A8E8E4400}.Debug|Any CPU.ActiveCfg = Debug|Any CPU
		{8FE4CF45-7D2A-4D75-B9FD-DC2A8E8E4400}.Debug|Any CPU.Build.0 = Debug|Any CPU
		{8FE4CF45-7D2A-4D75-B9FD-DC2A8E8E4400}.Debug|iPhone.ActiveCfg = Debug|Any CPU
		{8FE4CF45-7D2A-4D75-B9FD-DC2A8E8E4400}.Debug|iPhone.Build.0 = Debug|Any CPU
		{8FE4CF45-7D2A-4D75-B9FD-DC2A8E8E4400}.Debug|iPhoneSimulator.ActiveCfg = Debug|Any CPU
		{8FE4CF45-7D2A-4D75-B9FD-DC2A8E8E4400}.Debug|iPhoneSimulator.Build.0 = Debug|Any CPU
		{8FE4CF45-7D2A-4D75-B9FD-DC2A8E8E4400}.DebugPROD|Any CPU.ActiveCfg = Debug|Any CPU
		{8FE4CF45-7D2A-4D75-B9FD-DC2A8E8E4400}.DebugPROD|Any CPU.Build.0 = Debug|Any CPU
		{8FE4CF45-7D2A-4D75-B9FD-DC2A8E8E4400}.DebugPROD|iPhone.ActiveCfg = Debug|Any CPU
		{8FE4CF45-7D2A-4D75-B9FD-DC2A8E8E4400}.DebugPROD|iPhone.Build.0 = Debug|Any CPU
		{8FE4CF45-7D2A-4D75-B9FD-DC2A8E8E4400}.DebugPROD|iPhoneSimulator.ActiveCfg = Debug|Any CPU
		{8FE4CF45-7D2A-4D75-B9FD-DC2A8E8E4400}.DebugPROD|iPhoneSimulator.Build.0 = Debug|Any CPU
		{8FE4CF45-7D2A-4D75-B9FD-DC2A8E8E4400}.DebugQA|Any CPU.ActiveCfg = Debug|Any CPU
		{8FE4CF45-7D2A-4D75-B9FD-DC2A8E8E4400}.DebugQA|Any CPU.Build.0 = Debug|Any CPU
		{8FE4CF45-7D2A-4D75-B9FD-DC2A8E8E4400}.DebugQA|iPhone.ActiveCfg = Debug|Any CPU
		{8FE4CF45-7D2A-4D75-B9FD-DC2A8E8E4400}.DebugQA|iPhone.Build.0 = Debug|Any CPU
		{8FE4CF45-7D2A-4D75-B9FD-DC2A8E8E4400}.DebugQA|iPhoneSimulator.ActiveCfg = Debug|Any CPU
		{8FE4CF45-7D2A-4D75-B9FD-DC2A8E8E4400}.DebugQA|iPhoneSimulator.Build.0 = Debug|Any CPU
		{8FE4CF45-7D2A-4D75-B9FD-DC2A8E8E4400}.Release|Any CPU.ActiveCfg = Release|Any CPU
		{8FE4CF45-7D2A-4D75-B9FD-DC2A8E8E4400}.Release|Any CPU.Build.0 = Release|Any CPU
		{8FE4CF45-7D2A-4D75-B9FD-DC2A8E8E4400}.Release|iPhone.ActiveCfg = Release|Any CPU
		{8FE4CF45-7D2A-4D75-B9FD-DC2A8E8E4400}.Release|iPhone.Build.0 = Release|Any CPU
		{8FE4CF45-7D2A-4D75-B9FD-DC2A8E8E4400}.Release|iPhoneSimulator.ActiveCfg = Release|Any CPU
		{8FE4CF45-7D2A-4D75-B9FD-DC2A8E8E4400}.Release|iPhoneSimulator.Build.0 = Release|Any CPU
		{C2FA2033-14D7-40D6-A6A2-DC410E959F6C}.Ad-Hoc|Any CPU.ActiveCfg = Debug|Any CPU
		{C2FA2033-14D7-40D6-A6A2-DC410E959F6C}.Ad-Hoc|Any CPU.Build.0 = Debug|Any CPU
		{C2FA2033-14D7-40D6-A6A2-DC410E959F6C}.Ad-Hoc|iPhone.ActiveCfg = Debug|Any CPU
		{C2FA2033-14D7-40D6-A6A2-DC410E959F6C}.Ad-Hoc|iPhone.Build.0 = Debug|Any CPU
		{C2FA2033-14D7-40D6-A6A2-DC410E959F6C}.Ad-Hoc|iPhoneSimulator.ActiveCfg = Debug|Any CPU
		{C2FA2033-14D7-40D6-A6A2-DC410E959F6C}.Ad-Hoc|iPhoneSimulator.Build.0 = Debug|Any CPU
		{C2FA2033-14D7-40D6-A6A2-DC410E959F6C}.AppStore|Any CPU.ActiveCfg = Debug|Any CPU
		{C2FA2033-14D7-40D6-A6A2-DC410E959F6C}.AppStore|Any CPU.Build.0 = Debug|Any CPU
		{C2FA2033-14D7-40D6-A6A2-DC410E959F6C}.AppStore|iPhone.ActiveCfg = Debug|Any CPU
		{C2FA2033-14D7-40D6-A6A2-DC410E959F6C}.AppStore|iPhone.Build.0 = Debug|Any CPU
		{C2FA2033-14D7-40D6-A6A2-DC410E959F6C}.AppStore|iPhoneSimulator.ActiveCfg = Debug|Any CPU
		{C2FA2033-14D7-40D6-A6A2-DC410E959F6C}.AppStore|iPhoneSimulator.Build.0 = Debug|Any CPU
		{C2FA2033-14D7-40D6-A6A2-DC410E959F6C}.Debug|Any CPU.ActiveCfg = Debug|Any CPU
		{C2FA2033-14D7-40D6-A6A2-DC410E959F6C}.Debug|Any CPU.Build.0 = Debug|Any CPU
		{C2FA2033-14D7-40D6-A6A2-DC410E959F6C}.Debug|iPhone.ActiveCfg = Debug|Any CPU
		{C2FA2033-14D7-40D6-A6A2-DC410E959F6C}.Debug|iPhone.Build.0 = Debug|Any CPU
		{C2FA2033-14D7-40D6-A6A2-DC410E959F6C}.Debug|iPhoneSimulator.ActiveCfg = Debug|Any CPU
		{C2FA2033-14D7-40D6-A6A2-DC410E959F6C}.Debug|iPhoneSimulator.Build.0 = Debug|Any CPU
		{C2FA2033-14D7-40D6-A6A2-DC410E959F6C}.DebugPROD|Any CPU.ActiveCfg = Debug|Any CPU
		{C2FA2033-14D7-40D6-A6A2-DC410E959F6C}.DebugPROD|Any CPU.Build.0 = Debug|Any CPU
		{C2FA2033-14D7-40D6-A6A2-DC410E959F6C}.DebugPROD|iPhone.ActiveCfg = Debug|Any CPU
		{C2FA2033-14D7-40D6-A6A2-DC410E959F6C}.DebugPROD|iPhone.Build.0 = Debug|Any CPU
		{C2FA2033-14D7-40D6-A6A2-DC410E959F6C}.DebugPROD|iPhoneSimulator.ActiveCfg = Debug|Any CPU
		{C2FA2033-14D7-40D6-A6A2-DC410E959F6C}.DebugPROD|iPhoneSimulator.Build.0 = Debug|Any CPU
		{C2FA2033-14D7-40D6-A6A2-DC410E959F6C}.DebugQA|Any CPU.ActiveCfg = Debug|Any CPU
		{C2FA2033-14D7-40D6-A6A2-DC410E959F6C}.DebugQA|Any CPU.Build.0 = Debug|Any CPU
		{C2FA2033-14D7-40D6-A6A2-DC410E959F6C}.DebugQA|iPhone.ActiveCfg = Debug|Any CPU
		{C2FA2033-14D7-40D6-A6A2-DC410E959F6C}.DebugQA|iPhone.Build.0 = Debug|Any CPU
		{C2FA2033-14D7-40D6-A6A2-DC410E959F6C}.DebugQA|iPhoneSimulator.ActiveCfg = Release|Any CPU
		{C2FA2033-14D7-40D6-A6A2-DC410E959F6C}.DebugQA|iPhoneSimulator.Build.0 = Release|Any CPU
		{C2FA2033-14D7-40D6-A6A2-DC410E959F6C}.Release|Any CPU.ActiveCfg = Release|Any CPU
		{C2FA2033-14D7-40D6-A6A2-DC410E959F6C}.Release|Any CPU.Build.0 = Release|Any CPU
		{C2FA2033-14D7-40D6-A6A2-DC410E959F6C}.Release|iPhone.ActiveCfg = Release|Any CPU
		{C2FA2033-14D7-40D6-A6A2-DC410E959F6C}.Release|iPhone.Build.0 = Release|Any CPU
		{C2FA2033-14D7-40D6-A6A2-DC410E959F6C}.Release|iPhoneSimulator.ActiveCfg = Release|Any CPU
		{C2FA2033-14D7-40D6-A6A2-DC410E959F6C}.Release|iPhoneSimulator.Build.0 = Release|Any CPU
	EndGlobalSection
	GlobalSection(SolutionProperties) = preSolution
		HideSolutionNode = FALSE
	EndGlobalSection
	GlobalSection(ExtensibilityGlobals) = postSolution
		SolutionGuid = {87EF4266-5EF1-4677-84A1-4E131E2419D0}
	EndGlobalSection
EndGlobal
